{
  "name": "search-your-mother",
  "version": "1.0.0",
  "lockfileVersion": 1,
  "requires": true,
  "dependencies": {
    "@phenomnomnominal/tsquery": {
      "version": "4.1.1",
      "resolved": "https://registry.nlark.com/@phenomnomnominal/tsquery/download/@phenomnomnominal/tsquery-4.1.1.tgz",
      "integrity": "sha1-Qpcbg1kOnYU9Ak3bBKGAhaNlGN8=",
      "dev": true,
      "requires": {
        "esquery": "^1.0.1"
      }
    },
    "@types/node": {
      "version": "16.3.3",
      "resolved": "https://registry.nlark.com/@types/node/download/@types/node-16.3.3.tgz?cache=0&sync_timestamp=1626462214142&other_urls=https%3A%2F%2Fregistry.nlark.com%2F%40types%2Fnode%2Fdownload%2F%40types%2Fnode-16.3.3.tgz",
      "integrity": "sha1-DDCt/ze7vHpQ65tY+uKlBNDYgDg=",
      "dev": true
    },
    "acorn": {
      "version": "8.4.1",
      "resolved": "https://registry.nlark.com/acorn/download/acorn-8.4.1.tgz",
      "integrity": "sha1-VsNiUfx8q8cJatwY8Fr+gUMhoow="
    },
    "adm-zip": {
      "version": "0.5.5",
      "resolved": "https://registry.npm.taobao.org/adm-zip/download/adm-zip-0.5.5.tgz",
      "integrity": "sha1-tlSdvqdB5AUDCfG7TUfEc5fOLE8="
    },
    "ansi-regex": {
      "version": "4.1.0",
      "resolved": "http://registry.npm.qima-inc.com/ansi-regex/download/ansi-regex-4.1.0.tgz",
      "integrity": "sha1-i5+PCM8ay4Q3Vqg5yox+MWjFGZc="
    },
    "ansi-styles": {
      "version": "3.2.1",
      "resolved": "http://registry.npm.qima-inc.com/ansi-styles/download/ansi-styles-3.2.1.tgz",
      "integrity": "sha1-QfuyAkPlCxK+DwS43tvwdSDOhB0=",
      "requires": {
        "color-convert": "^1.9.0"
      }
    },
    "anymatch": {
      "version": "3.1.2",
      "resolved": "http://registry.npm.qima-inc.com/anymatch/download/anymatch-3.1.2.tgz",
      "integrity": "sha1-wFV8CWrzLxBhmPT04qODU343hxY=",
      "requires": {
        "normalize-path": "^3.0.0",
        "picomatch": "^2.0.4"
      }
    },
    "binary-extensions": {
      "version": "2.2.0",
      "resolved": "http://registry.npm.qima-inc.com/binary-extensions/download/binary-extensions-2.2.0.tgz",
      "integrity": "sha1-dfUC7q+f/eQvyYgpZFvk6na9ni0="
    },
    "bl": {
      "version": "1.2.3",
      "resolved": "https://registry.nlark.com/bl/download/bl-1.2.3.tgz",
      "integrity": "sha1-Ho3YAULqyA1xWMnczAR/tiDgNec=",
      "requires": {
        "readable-stream": "^2.3.5",
        "safe-buffer": "^5.1.1"
      }
    },
    "braces": {
      "version": "3.0.2",
      "resolved": "http://registry.npm.qima-inc.com/braces/download/braces-3.0.2.tgz",
      "integrity": "sha1-NFThpGLujVmeI23zNs2epPiv4Qc=",
      "requires": {
        "fill-range": "^7.0.1"
      }
    },
    "buffer-alloc": {
      "version": "1.2.0",
      "resolved": "https://registry.nlark.com/buffer-alloc/download/buffer-alloc-1.2.0.tgz",
      "integrity": "sha1-iQ3ZDZI6hz4I4Q5f1RpX5bfM4Ow=",
      "requires": {
        "buffer-alloc-unsafe": "^1.1.0",
        "buffer-fill": "^1.0.0"
      }
    },
    "buffer-alloc-unsafe": {
      "version": "1.1.0",
      "resolved": "https://registry.nlark.com/buffer-alloc-unsafe/download/buffer-alloc-unsafe-1.1.0.tgz",
      "integrity": "sha1-vX3CauKXLQ7aJTvgYdupkjScGfA="
    },
    "buffer-crc32": {
      "version": "0.2.13",
      "resolved": "https://registry.nlark.com/buffer-crc32/download/buffer-crc32-0.2.13.tgz",
      "integrity": "sha1-DTM+PwDqxQqhRUq9MO+MKl2ackI="
    },
    "buffer-fill": {
      "version": "1.0.0",
      "resolved": "https://registry.npm.taobao.org/buffer-fill/download/buffer-fill-1.0.0.tgz",
      "integrity": "sha1-+PeLdniYiO858gXNY39o5wISKyw="
    },
    "call-bind": {
      "version": "1.0.2",
      "resolved": "https://registry.npm.taobao.org/call-bind/download/call-bind-1.0.2.tgz?cache=0&sync_timestamp=1610403020286&other_urls=https%3A%2F%2Fregistry.npm.taobao.org%2Fcall-bind%2Fdownload%2Fcall-bind-1.0.2.tgz",
      "integrity": "sha1-sdTonmiBGcPJqQOtMKuy9qkZvjw=",
      "requires": {
        "function-bind": "^1.1.1",
        "get-intrinsic": "^1.0.2"
      }
    },
    "camelcase": {
      "version": "5.3.1",
      "resolved": "http://registry.npm.qima-inc.com/camelcase/download/camelcase-5.3.1.tgz",
      "integrity": "sha1-48mzFWnhBoEd8kL3FXJaH0xJQyA="
    },
    "child_process": {
      "version": "1.0.2",
      "resolved": "http://registry.npm.qima-inc.com/child_process/download/child_process-1.0.2.tgz",
      "integrity": "sha1-sffn/HPSXn/R1FWtyU4UODAYK1o="
    },
    "chokidar": {
      "version": "3.5.2",
      "resolved": "http://registry.npm.qima-inc.com/chokidar/download/chokidar-3.5.2.tgz",
      "integrity": "sha1-26OXb8rbAW9m/TZQIdkWANAcHnU=",
      "requires": {
        "anymatch": "~3.1.2",
        "braces": "~3.0.2",
        "fsevents": "~2.3.2",
        "glob-parent": "~5.1.2",
        "is-binary-path": "~2.1.0",
        "is-glob": "~4.0.1",
        "normalize-path": "~3.0.0",
        "readdirp": "~3.6.0"
      }
    },
    "chokidar-cli": {
      "version": "2.1.0",
      "resolved": "http://registry.npm.qima-inc.com/chokidar-cli/download/chokidar-cli-2.1.0.tgz",
      "integrity": "sha1-JJHfEzvWLNFFInsXRvvZTycz4bw=",
      "requires": {
        "chokidar": "^3.2.3",
        "lodash.debounce": "^4.0.8",
        "lodash.throttle": "^4.1.1",
        "yargs": "^13.3.0"
      }
    },
    "cliui": {
      "version": "5.0.0",
      "resolved": "http://registry.npm.qima-inc.com/cliui/download/cliui-5.0.0.tgz",
      "integrity": "sha1-3u/P2y6AB4SqNPRvoI4GhRx7u8U=",
      "requires": {
        "string-width": "^3.1.0",
        "strip-ansi": "^5.2.0",
        "wrap-ansi": "^5.1.0"
      }
    },
    "color-convert": {
      "version": "1.9.3",
      "resolved": "http://registry.npm.qima-inc.com/color-convert/download/color-convert-1.9.3.tgz",
      "integrity": "sha1-u3GFBpDh8TZWfeYp0tVHHe2kweg=",
      "requires": {
        "color-name": "1.1.3"
      }
    },
    "color-name": {
      "version": "1.1.3",
      "resolved": "http://registry.npm.qima-inc.com/color-name/download/color-name-1.1.3.tgz",
      "integrity": "sha1-p9BVi9icQveV3UIyj3QIMcpTvCU="
    },
    "compressing": {
      "version": "1.5.1",
      "resolved": "https://registry.npm.taobao.org/compressing/download/compressing-1.5.1.tgz",
      "integrity": "sha1-0DGjMRuMLtZWGoQxZx1ahEVASC0=",
      "requires": {
        "flushwritable": "^1.0.0",
        "get-ready": "^1.0.0",
        "iconv-lite": "^0.5.0",
        "mkdirp": "^0.5.1",
        "pump": "^3.0.0",
        "streamifier": "^0.1.1",
        "tar-stream": "^1.5.2",
        "yauzl": "^2.7.0",
        "yazl": "^2.4.2"
      }
    },
    "core-util-is": {
      "version": "1.0.2",
      "resolved": "https://registry.npm.taobao.org/core-util-is/download/core-util-is-1.0.2.tgz",
      "integrity": "sha1-tf1UIgqivFq1eqtxQMlAdUUDwac="
    },
    "cron-parser": {
      "version": "3.5.0",
      "resolved": "https://registry.nlark.com/cron-parser/download/cron-parser-3.5.0.tgz?cache=0&sync_timestamp=1619472468886&other_urls=https%3A%2F%2Fregistry.nlark.com%2Fcron-parser%2Fdownload%2Fcron-parser-3.5.0.tgz",
      "integrity": "sha1-sanalRTAMQqn75nC8/HQ+MI1JXw=",
      "requires": {
        "is-nan": "^1.3.2",
        "luxon": "^1.26.0"
      }
    },
    "date-fns": {
      "version": "2.23.0",
      "resolved": "http://registry.npm.qima-inc.com/date-fns/download/date-fns-2.23.0.tgz",
      "integrity": "sha1-TohslBZZrwz3sw+v3R6qN+iHiKk="
    },
    "decamelize": {
      "version": "1.2.0",
      "resolved": "http://registry.npm.qima-inc.com/decamelize/download/decamelize-1.2.0.tgz",
      "integrity": "sha1-9lNNFRSCabIDUue+4m9QH5oZEpA="
    },
    "define-properties": {
      "version": "1.1.3",
      "resolved": "https://registry.npm.taobao.org/define-properties/download/define-properties-1.1.3.tgz",
      "integrity": "sha1-z4jabL7ib+bbcJT2HYcMvYTO6fE=",
      "requires": {
        "object-keys": "^1.0.12"
      }
    },
    "emoji-regex": {
      "version": "7.0.3",
      "resolved": "http://registry.npm.qima-inc.com/emoji-regex/download/emoji-regex-7.0.3.tgz",
      "integrity": "sha1-kzoEBShgyF6DwSJHnEdIqOTHIVY="
    },
    "end-of-stream": {
      "version": "1.4.4",
      "resolved": "https://registry.nlark.com/end-of-stream/download/end-of-stream-1.4.4.tgz",
      "integrity": "sha1-WuZKX0UFe682JuwU2gyl5LJDHrA=",
      "requires": {
        "once": "^1.4.0"
      }
    },
    "esquery": {
      "version": "1.4.0",
      "resolved": "https://registry.nlark.com/esquery/download/esquery-1.4.0.tgz",
      "integrity": "sha1-IUj/w4uC6McFff7UhCWz5h8PJKU=",
      "dev": true,
      "requires": {
        "estraverse": "^5.1.0"
      }
    },
    "estraverse": {
      "version": "5.2.0",
      "resolved": "https://registry.nlark.com/estraverse/download/estraverse-5.2.0.tgz?cache=0&other_urls=https%3A%2F%2Fregistry.nlark.com%2Festraverse%2Fdownload%2Festraverse-5.2.0.tgz",
      "integrity": "sha1-MH30JUfmzHMk088DwVXVzbjFOIA=",
      "dev": true
    },
    "fd-slicer": {
      "version": "1.1.0",
      "resolved": "https://registry.nlark.com/fd-slicer/download/fd-slicer-1.1.0.tgz",
      "integrity": "sha1-JcfInLH5B3+IkbvmHY85Dq4lbx4=",
      "requires": {
        "pend": "~1.2.0"
      }
    },
    "fill-range": {
      "version": "7.0.1",
      "resolved": "http://registry.npm.qima-inc.com/fill-range/download/fill-range-7.0.1.tgz",
      "integrity": "sha1-GRmmp8df44ssfHflGYU12prN2kA=",
      "requires": {
        "to-regex-range": "^5.0.1"
      }
    },
    "find-up": {
      "version": "3.0.0",
      "resolved": "http://registry.npm.qima-inc.com/find-up/download/find-up-3.0.0.tgz",
      "integrity": "sha1-SRafHXmTQwZG2mHsxa41XCHJe3M=",
      "requires": {
        "locate-path": "^3.0.0"
      }
    },
    "flushwritable": {
      "version": "1.0.0",
      "resolved": "https://registry.npm.taobao.org/flushwritable/download/flushwritable-1.0.0.tgz",
      "integrity": "sha1-PjKNj95BKtR+c44751C00pAENJg="
    },
    "fs-constants": {
      "version": "1.0.0",
      "resolved": "https://registry.npm.taobao.org/fs-constants/download/fs-constants-1.0.0.tgz",
      "integrity": "sha1-a+Dem+mYzhavivwkSXue6bfM2a0="
    },
    "fsevents": {
      "version": "2.3.2",
      "resolved": "http://registry.npm.qima-inc.com/fsevents/download/fsevents-2.3.2.tgz",
      "integrity": "sha1-ilJveLj99GI7cJ4Ll1xSwkwC/Ro=",
      "optional": true
    },
    "function-bind": {
      "version": "1.1.1",
      "resolved": "https://registry.nlark.com/function-bind/download/function-bind-1.1.1.tgz",
      "integrity": "sha1-pWiZ0+o8m6uHS7l3O3xe3pL0iV0="
    },
    "get-caller-file": {
      "version": "2.0.5",
      "resolved": "http://registry.npm.qima-inc.com/get-caller-file/download/get-caller-file-2.0.5.tgz",
      "integrity": "sha1-T5RBKoLbMvNuOwuXQfipf+sDH34="
    },
    "get-intrinsic": {
      "version": "1.1.1",
      "resolved": "https://registry.npm.taobao.org/get-intrinsic/download/get-intrinsic-1.1.1.tgz",
      "integrity": "sha1-FfWfN2+FXERpY5SPDSTNNje0q8Y=",
      "requires": {
        "function-bind": "^1.1.1",
        "has": "^1.0.3",
        "has-symbols": "^1.0.1"
      }
    },
    "get-ready": {
      "version": "1.0.0",
      "resolved": "https://registry.npm.taobao.org/get-ready/download/get-ready-1.0.0.tgz",
      "integrity": "sha1-+RgX8emt7P6hOlYq38jeiDqzR4I="
    },
    "glob-parent": {
      "version": "5.1.2",
      "resolved": "http://registry.npm.qima-inc.com/glob-parent/download/glob-parent-5.1.2.tgz",
      "integrity": "sha1-hpgyxYA0/mikCTwX3BXoNA2EAcQ=",
      "requires": {
        "is-glob": "^4.0.1"
      }
    },
    "has": {
      "version": "1.0.3",
      "resolved": "https://registry.nlark.com/has/download/has-1.0.3.tgz",
      "integrity": "sha1-ci18v8H2qoJB8W3YFOAR4fQeh5Y=",
      "requires": {
        "function-bind": "^1.1.1"
      }
    },
    "has-symbols": {
      "version": "1.0.2",
      "resolved": "https://registry.npm.taobao.org/has-symbols/download/has-symbols-1.0.2.tgz?cache=0&sync_timestamp=1614443557459&other_urls=https%3A%2F%2Fregistry.npm.taobao.org%2Fhas-symbols%2Fdownload%2Fhas-symbols-1.0.2.tgz",
      "integrity": "sha1-Fl0wcMADCXUqEjakeTMeOsVvFCM="
    },
    "iconv-lite": {
      "version": "0.5.2",
      "resolved": "https://registry.nlark.com/iconv-lite/download/iconv-lite-0.5.2.tgz",
      "integrity": "sha1-r21ijcz7RjtzZNl/cV5LdLjIwrg=",
      "requires": {
        "safer-buffer": ">= 2.1.2 < 3"
      }
    },
    "inherits": {
      "version": "2.0.4",
      "resolved": "https://registry.nlark.com/inherits/download/inherits-2.0.4.tgz",
      "integrity": "sha1-D6LGT5MpF8NDOg3tVTY6rjdBa3w="
    },
    "is-binary-path": {
      "version": "2.1.0",
      "resolved": "http://registry.npm.qima-inc.com/is-binary-path/download/is-binary-path-2.1.0.tgz",
      "integrity": "sha1-6h9/O4DwZCNug0cPhsCcJU+0Wwk=",
      "requires": {
        "binary-extensions": "^2.0.0"
      }
    },
    "is-extglob": {
      "version": "2.1.1",
      "resolved": "http://registry.npm.qima-inc.com/is-extglob/download/is-extglob-2.1.1.tgz",
      "integrity": "sha1-qIwCU1eR8C7TfHahueqXc8gz+MI="
    },
    "is-fullwidth-code-point": {
      "version": "2.0.0",
      "resolved": "http://registry.npm.qima-inc.com/is-fullwidth-code-point/download/is-fullwidth-code-point-2.0.0.tgz",
      "integrity": "sha1-o7MKXE8ZkYMWeqq5O+764937ZU8="
    },
    "is-glob": {
      "version": "4.0.1",
      "resolved": "http://registry.npm.qima-inc.com/is-glob/download/is-glob-4.0.1.tgz",
      "integrity": "sha1-dWfb6fL14kZ7x3q4PEopSCQHpdw=",
      "requires": {
        "is-extglob": "^2.1.1"
      }
    },
    "is-nan": {
      "version": "1.3.2",
      "resolved": "https://registry.npm.taobao.org/is-nan/download/is-nan-1.3.2.tgz",
      "integrity": "sha1-BDpUreoxdItVts1OCara+mm9nh0=",
      "requires": {
        "call-bind": "^1.0.0",
        "define-properties": "^1.1.3"
      }
    },
    "is-number": {
      "version": "7.0.0",
      "resolved": "http://registry.npm.qima-inc.com/is-number/download/is-number-7.0.0.tgz",
      "integrity": "sha1-dTU0W4lnNNX4DE0GxQlVUnoU8Ss="
    },
    "isarray": {
      "version": "1.0.0",
      "resolved": "https://registry.npm.taobao.org/isarray/download/isarray-1.0.0.tgz",
      "integrity": "sha1-u5NdSFgsuhaMBoNJV6VKPgcSTxE="
    },
    "loadash": {
      "version": "1.0.0",
      "resolved": "http://registry.npm.qima-inc.com/loadash/download/loadash-1.0.0.tgz",
      "integrity": "sha1-uS5U2AnzwiX0+anPuurltW3hyp8="
    },
    "locate-path": {
      "version": "3.0.0",
      "resolved": "http://registry.npm.qima-inc.com/locate-path/download/locate-path-3.0.0.tgz",
      "integrity": "sha1-2+w7OrdZdYBxtY/ln8QYca8hQA4=",
      "requires": {
        "p-locate": "^3.0.0",
        "path-exists": "^3.0.0"
      }
    },
    "lodash": {
      "version": "4.17.21",
      "resolved": "http://registry.npm.qima-inc.com/lodash/download/lodash-4.17.21.tgz",
      "integrity": "sha1-Z5WRxWTDv/quhFTPCz3zcMPWkRw="
    },
    "lodash.debounce": {
      "version": "4.0.8",
      "resolved": "http://registry.npm.qima-inc.com/lodash.debounce/download/lodash.debounce-4.0.8.tgz",
      "integrity": "sha1-gteb/zCmfEAF/9XiUVMArZyk168="
    },
    "lodash.throttle": {
      "version": "4.1.1",
      "resolved": "http://registry.npm.qima-inc.com/lodash.throttle/download/lodash.throttle-4.1.1.tgz",
      "integrity": "sha1-wj6RtxAkKscMN/HhzaknTMOb8vQ="
    },
    "long-timeout": {
      "version": "0.1.1",
      "resolved": "https://registry.npm.taobao.org/long-timeout/download/long-timeout-0.1.1.tgz",
      "integrity": "sha1-lyHXiLR+C8taJMLivuGg2lXatRQ="
    },
    "luxon": {
      "version": "1.28.0",
      "resolved": "https://registry.nlark.com/luxon/download/luxon-1.28.0.tgz",
      "integrity": "sha1-5/ltqtOTjAamLeD7AnEV0lElH78="
    },
    "minimist": {
      "version": "1.2.5",
      "resolved": "https://registry.npm.taobao.org/minimist/download/minimist-1.2.5.tgz",
      "integrity": "sha1-Z9ZgFLZqaoqqDAg8X9WN9OTpdgI="
    },
    "mkdirp": {
      "version": "0.5.5",
      "resolved": "https://registry.npm.taobao.org/mkdirp/download/mkdirp-0.5.5.tgz",
      "integrity": "sha1-2Rzv1i0UNsoPQWIOJRKI1CAJne8=",
      "requires": {
        "minimist": "^1.2.5"
      }
    },
    "node-schedule": {
      "version": "2.0.0",
      "resolved": "https://registry.npm.taobao.org/node-schedule/download/node-schedule-2.0.0.tgz?cache=0&other_urls=https%3A%2F%2Fregistry.npm.taobao.org%2Fnode-schedule%2Fdownload%2Fnode-schedule-2.0.0.tgz",
      "integrity": "sha1-c6tJV9BWxjcIQJzB+rZ24OFJwZE=",
      "requires": {
        "cron-parser": "^3.1.0",
        "long-timeout": "0.1.1",
        "sorted-array-functions": "^1.3.0"
      }
    },
    "normalize-path": {
      "version": "3.0.0",
      "resolved": "http://registry.npm.qima-inc.com/normalize-path/download/normalize-path-3.0.0.tgz",
      "integrity": "sha1-Dc1p/yOhybEf0JeDFmRKA4ghamU="
    },
    "object-keys": {
      "version": "1.1.1",
      "resolved": "https://registry.nlark.com/object-keys/download/object-keys-1.1.1.tgz",
      "integrity": "sha1-HEfyct8nfzsdrwYWd9nILiMixg4="
    },
    "once": {
      "version": "1.4.0",
      "resolved": "https://registry.nlark.com/once/download/once-1.4.0.tgz",
      "integrity": "sha1-WDsap3WWHUsROsF9nFC6753Xa9E=",
      "requires": {
        "wrappy": "1"
      }
    },
    "p-limit": {
      "version": "2.3.0",
      "resolved": "http://registry.npm.qima-inc.com/p-limit/download/p-limit-2.3.0.tgz",
      "integrity": "sha1-PdM8ZHohT9//2DWTPrCG2g3CHbE=",
      "requires": {
        "p-try": "^2.0.0"
      }
    },
    "p-locate": {
      "version": "3.0.0",
      "resolved": "http://registry.npm.qima-inc.com/p-locate/download/p-locate-3.0.0.tgz",
      "integrity": "sha1-Mi1poFwCZLJZl9n0DNiokasAZKQ=",
      "requires": {
        "p-limit": "^2.0.0"
      }
    },
    "p-try": {
      "version": "2.2.0",
      "resolved": "http://registry.npm.qima-inc.com/p-try/download/p-try-2.2.0.tgz",
      "integrity": "sha1-yyhoVA4xPWHeWPr741zpAE1VQOY="
    },
    "path-exists": {
      "version": "3.0.0",
      "resolved": "http://registry.npm.qima-inc.com/path-exists/download/path-exists-3.0.0.tgz",
      "integrity": "sha1-zg6+ql94yxiSXqfYENe1mwEP1RU="
    },
    "pend": {
      "version": "1.2.0",
      "resolved": "https://registry.npm.taobao.org/pend/download/pend-1.2.0.tgz",
      "integrity": "sha1-elfrVQpng/kRUzH89GY9XI4AelA="
    },
    "picomatch": {
      "version": "2.3.0",
      "resolved": "http://registry.npm.qima-inc.com/picomatch/download/picomatch-2.3.0.tgz",
      "integrity": "sha1-8fBh3o9qS/AiiS4tEoI0+5gwKXI="
    },
    "process-nextick-args": {
      "version": "2.0.1",
      "resolved": "https://registry.npm.taobao.org/process-nextick-args/download/process-nextick-args-2.0.1.tgz",
      "integrity": "sha1-eCDZsWEgzFXKmud5JoCufbptf+I="
    },
    "pump": {
      "version": "3.0.0",
      "resolved": "https://registry.nlark.com/pump/download/pump-3.0.0.tgz",
      "integrity": "sha1-tKIRaBW94vTh6mAjVOjHVWUQemQ=",
      "requires": {
        "end-of-stream": "^1.1.0",
        "once": "^1.3.1"
      }
    },
    "readable-stream": {
      "version": "2.3.7",
      "resolved": "https://registry.nlark.com/readable-stream/download/readable-stream-2.3.7.tgz",
      "integrity": "sha1-Hsoc9xGu+BTAT2IlKjamL2yyO1c=",
      "requires": {
        "core-util-is": "~1.0.0",
        "inherits": "~2.0.3",
        "isarray": "~1.0.0",
        "process-nextick-args": "~2.0.0",
        "safe-buffer": "~5.1.1",
        "string_decoder": "~1.1.1",
        "util-deprecate": "~1.0.1"
      },
      "dependencies": {
        "safe-buffer": {
          "version": "5.1.2",
          "resolved": "https://registry.npm.taobao.org/safe-buffer/download/safe-buffer-5.1.2.tgz",
          "integrity": "sha1-mR7GnSluAxN0fVm9/St0XDX4go0="
        }
      }
    },
    "readdirp": {
      "version": "3.6.0",
      "resolved": "http://registry.npm.qima-inc.com/readdirp/download/readdirp-3.6.0.tgz",
      "integrity": "sha1-dKNwvYVxFuJFspzJc0DNQxoCpsc=",
      "requires": {
        "picomatch": "^2.2.1"
      }
    },
    "require-directory": {
      "version": "2.1.1",
      "resolved": "http://registry.npm.qima-inc.com/require-directory/download/require-directory-2.1.1.tgz",
      "integrity": "sha1-jGStX9MNqxyXbiNE/+f3kqam30I="
    },
    "require-main-filename": {
      "version": "2.0.0",
      "resolved": "http://registry.npm.qima-inc.com/require-main-filename/download/require-main-filename-2.0.0.tgz",
      "integrity": "sha1-0LMp7MfMD2Fkn2IhW+aa9UqomJs="
    },
    "safe-buffer": {
      "version": "5.2.1",
      "resolved": "https://registry.npm.taobao.org/safe-buffer/download/safe-buffer-5.2.1.tgz",
      "integrity": "sha1-Hq+fqb2x/dTsdfWPnNtOa3gn7sY="
    },
    "safer-buffer": {
      "version": "2.1.2",
      "resolved": "https://registry.npm.taobao.org/safer-buffer/download/safer-buffer-2.1.2.tgz",
      "integrity": "sha1-RPoWGwGHuVSd2Eu5GAL5vYOFzWo="
    },
    "set-blocking": {
      "version": "2.0.0",
      "resolved": "http://registry.npm.qima-inc.com/set-blocking/download/set-blocking-2.0.0.tgz",
      "integrity": "sha1-BF+XgtARrppoA93TgrJDkrPYkPc="
    },
    "sorted-array-functions": {
      "version": "1.3.0",
      "resolved": "https://registry.npm.taobao.org/sorted-array-functions/download/sorted-array-functions-1.3.0.tgz",
      "integrity": "sha1-hgVpVWMpTf+yyXltYCvYRZ96DdU="
    },
    "streamifier": {
      "version": "0.1.1",
      "resolved": "https://registry.npm.taobao.org/streamifier/download/streamifier-0.1.1.tgz",
      "integrity": "sha1-l+mNj6TRBdYqJpHR3AfoINuN/E8="
    },
    "string-width": {
      "version": "3.1.0",
      "resolved": "http://registry.npm.qima-inc.com/string-width/download/string-width-3.1.0.tgz",
      "integrity": "sha1-InZ74htirxCBV0MG9prFG2IgOWE=",
      "requires": {
        "emoji-regex": "^7.0.1",
        "is-fullwidth-code-point": "^2.0.0",
        "strip-ansi": "^5.1.0"
      }
    },
    "string_decoder": {
      "version": "1.1.1",
      "resolved": "https://registry.nlark.com/string_decoder/download/string_decoder-1.1.1.tgz",
      "integrity": "sha1-nPFhG6YmhdcDCunkujQUnDrwP8g=",
      "requires": {
        "safe-buffer": "~5.1.0"
      },
      "dependencies": {
        "safe-buffer": {
          "version": "5.1.2",
          "resolved": "https://registry.npm.taobao.org/safe-buffer/download/safe-buffer-5.1.2.tgz",
          "integrity": "sha1-mR7GnSluAxN0fVm9/St0XDX4go0="
        }
      }
    },
    "strip-ansi": {
      "version": "5.2.0",
      "resolved": "http://registry.npm.qima-inc.com/strip-ansi/download/strip-ansi-5.2.0.tgz",
      "integrity": "sha1-jJpTb+tq/JYr36WxBKUJHBrZwK4=",
      "requires": {
        "ansi-regex": "^4.1.0"
      }
    },
    "tar-stream": {
      "version": "1.6.2",
      "resolved": "https://registry.nlark.com/tar-stream/download/tar-stream-1.6.2.tgz",
      "integrity": "sha1-jqVdqzeXIlPZqa+Q/c1VmuQ1xVU=",
      "requires": {
        "bl": "^1.0.0",
        "buffer-alloc": "^1.2.0",
        "end-of-stream": "^1.0.0",
        "fs-constants": "^1.0.0",
        "readable-stream": "^2.3.0",
        "to-buffer": "^1.1.1",
        "xtend": "^4.0.0"
      }
    },
    "to-buffer": {
      "version": "1.1.1",
      "resolved": "https://registry.npm.taobao.org/to-buffer/download/to-buffer-1.1.1.tgz",
      "integrity": "sha1-STvUj2LXxD/N7TE6A9ytsuEhOoA="
    },
    "to-regex-range": {
      "version": "5.0.1",
      "resolved": "http://registry.npm.qima-inc.com/to-regex-range/download/to-regex-range-5.0.1.tgz",
      "integrity": "sha1-FkjESq58jZiKMmAY7XL1tN0DkuQ=",
      "requires": {
        "is-number": "^7.0.0"
      }
    },
    "typescript": {
      "version": "4.3.5",
      "resolved": "https://registry.nlark.com/typescript/download/typescript-4.3.5.tgz?cache=0&sync_timestamp=1625988040204&other_urls=https%3A%2F%2Fregistry.nlark.com%2Ftypescript%2Fdownload%2Ftypescript-4.3.5.tgz",
      "integrity": "sha1-TRw3zBbok5c8RaBohrcRMjTxGfQ="
    },
    "util-deprecate": {
      "version": "1.0.2",
      "resolved": "https://registry.npm.taobao.org/util-deprecate/download/util-deprecate-1.0.2.tgz",
      "integrity": "sha1-RQ1Nyfpw3nMnYvvS1KKJgUGaDM8="
    },
    "which-module": {
      "version": "2.0.0",
      "resolved": "http://registry.npm.qima-inc.com/which-module/download/which-module-2.0.0.tgz",
      "integrity": "sha1-2e8H3Od7mQK4o6j6SzHD4/fm6Ho="
    },
    "wrap-ansi": {
      "version": "5.1.0",
      "resolved": "http://registry.npm.qima-inc.com/wrap-ansi/download/wrap-ansi-5.1.0.tgz",
      "integrity": "sha1-H9H2cjXVttD+54EFYAG/tpTAOwk=",
      "requires": {
        "ansi-styles": "^3.2.0",
        "string-width": "^3.0.0",
        "strip-ansi": "^5.0.0"
      }
    },
    "wrappy": {
      "version": "1.0.2",
      "resolved": "https://registry.nlark.com/wrappy/download/wrappy-1.0.2.tgz?cache=0&sync_timestamp=1619133505879&other_urls=https%3A%2F%2Fregistry.nlark.com%2Fwrappy%2Fdownload%2Fwrappy-1.0.2.tgz",
      "integrity": "sha1-tSQ9jz7BqjXxNkYFvA0QNuMKtp8="
    },
    "xtend": {
      "version": "4.0.2",
      "resolved": "https://registry.npm.taobao.org/xtend/download/xtend-4.0.2.tgz",
      "integrity": "sha1-u3J3n1+kZRhrH0OPZ0+jR/2121Q="
    },
    "y18n": {
      "version": "4.0.3",
      "resolved": "http://registry.npm.qima-inc.com/y18n/download/y18n-4.0.3.tgz",
      "integrity": "sha1-tfJZyCzW4zaSHv17/Yv1YN6e7t8="
    },
    "yargs": {
      "version": "13.3.2",
      "resolved": "http://registry.npm.qima-inc.com/yargs/download/yargs-13.3.2.tgz",
      "integrity": "sha1-rX/+/sGqWVZayRX4Lcyzipwxot0=",
      "requires": {
        "cliui": "^5.0.0",
        "find-up": "^3.0.0",
        "get-caller-file": "^2.0.1",
        "require-directory": "^2.1.1",
        "require-main-filename": "^2.0.0",
        "set-blocking": "^2.0.0",
        "string-width": "^3.0.0",
        "which-module": "^2.0.0",
        "y18n": "^4.0.0",
        "yargs-parser": "^13.1.2"
      }
    },
    "yargs-parser": {
      "version": "13.1.2",
      "resolved": "http://registry.npm.qima-inc.com/yargs-parser/download/yargs-parser-13.1.2.tgz",
      "integrity": "sha1-Ew8JcC667vJlDVTObj5XBvek+zg=",
      "requires": {
        "camelcase": "^5.0.0",
        "decamelize": "^1.2.0"
      }
    },
    "yauzl": {
      "version": "2.10.0",
      "resolved": "https://registry.nlark.com/yauzl/download/yauzl-2.10.0.tgz",
      "integrity": "sha1-x+sXyT4RLLEIb6bY5R+wZnt5pfk=",
      "requires": {
        "buffer-crc32": "~0.2.3",
        "fd-slicer": "~1.1.0"
      }
    },
    "yazl": {
      "version": "2.5.1",
      "resolved": "https://registry.npm.taobao.org/yazl/download/yazl-2.5.1.tgz",
      "integrity": "sha1-o9ZdPdZZpbCTeFDoYJ8i//orXDU=",
      "requires": {
        "buffer-crc32": "~0.2.3"
      }
    }
  }
}
